
Microsoft Visual Studio Solution File, Format Version 12.00
# Visual Studio 15
VisualStudioVersion = 15.0.27428.2015
MinimumVisualStudioVersion = 10.0.40219.1
Project("{FAE04EC0-301F-11D3-BF4B-00C04F79EFBC}") = "EFCache.Redis.Tests", "EFCache.Redis.Tests\EFCache.Redis.Tests.csproj", "{E22CF455-F4D4-4A1A-B5D9-EFC9E681A493}"
EndProject
Project("{FAE04EC0-301F-11D3-BF4B-00C04F79EFBC}") = "EFCache.Redis", "EFCache.Redis\EFCache.Redis.csproj", "{E9379134-A7D8-4F64-ACEF-9CD625174E98}"
EndProject
Global
	GlobalSection(SolutionConfigurationPlatforms) = preSolution
		Debug|Any CPU = Debug|Any CPU
		Release|Any CPU = Release|Any CPU
	EndGlobalSection
	GlobalSection(ProjectConfigurationPlatforms) = postSolution
		{E22CF455-F4D4-4A1A-B5D9-EFC9E681A493}.Debug|Any CPU.ActiveCfg = Debug|Any CPU
		{E22CF455-F4D4-4A1A-B5D9-EFC9E681A493}.Debug|Any CPU.Build.0 = Debug|Any CPU
		{E22CF455-F4D4-4A1A-B5D9-EFC9E681A493}.Release|Any CPU.ActiveCfg = Release|Any CPU
		{E22CF455-F4D4-4A1A-B5D9-EFC9E681A493}.Release|Any CPU.Build.0 = Release|Any CPU
		{E9379134-A7D8-4F64-ACEF-9CD625174E98}.Debug|Any CPU.ActiveCfg = Debug|Any CPU
		{E9379134-A7D8-4F64-ACEF-9CD625174E98}.Debug|Any CPU.Build.0 = Debug|Any CPU
		{E9379134-A7D8-4F64-ACEF-9CD625174E98}.Release|Any CPU.ActiveCfg = Release|Any CPU
		{E9379134-A7D8-4F64-ACEF-9CD625174E98}.Release|Any CPU.Build.0 = Release|Any CPU
	EndGlobalSection
	GlobalSection(SolutionProperties) = preSolution
		HideSolutionNode = FALSE
	EndGlobalSection
	GlobalSection(ExtensibilityGlobals) = postSolution
		SolutionGuid = {BCAD1227-B658-4956-AD20-E521AFAF8B22}
	EndGlobalSection
EndGlobal
